<?xml version="1.0" encoding="UTF-8"?>
<Scheme
   version = "1.3">
   <BuildAction>
      <BuildActionEntries>
         <BuildActionEntry
            buildForRunning = "YES">
            <BuildableReference
               BuildableIdentifier = "primary"
               BlueprintIdentifier = "62E70F41230AB53400E9D4F7"
               BuildableName = "Jenkins-Testing.app"
               BlueprintName = "Jenkins-Testing"
               ReferencedContainer = "container:Jenkins-Testing.xcodeproj">
            </BuildableReference>
         </BuildActionEntry>
      </BuildActionEntries>
   </BuildAction>
   <LaunchAction
      useCustomWorkingDirectory = "NO"
      buildConfiguration = "Debug"
      allowLocationSimulation = "YES">
      <BuildableProductRunnable>
         <BuildableReference
            BuildableIdentifier = "primary"
            BlueprintIdentifier = "62E70F41230AB53400E9D4F7"
            BuildableName = "Jenkins-Testing.app"
            BlueprintName = "Jenkins-Testing"
            ReferencedContainer = "container:Jenkins-Testing.xcodeproj">
         </BuildableReference>
      </BuildableProductRunnable>
   </LaunchAction>
</Scheme>
